
Microsoft Visual Studio Solution File, Format Version 12.00
# Visual Studio Version 17
VisualStudioVersion = 17.8.34330.188
MinimumVisualStudioVersion = 10.0.40219.1
Project("{9A19103F-16F7-4668-BE54-9A1E7A4F7556}") = "2.1.3", "2.1.3\2.1.3.csproj", "{F8E78582-F9E7-4C44-A837-E9FBB64631C6}"
EndProject
Project("{9A19103F-16F7-4668-BE54-9A1E7A4F7556}") = "2.2.1", "2.2.1\2.2.1.csproj", "{5402244C-C27A-40B4-8554-A76263415B63}"
EndProject
Project("{9A19103F-16F7-4668-BE54-9A1E7A4F7556}") = "2.2.2", "2.2.2\2.2.2.csproj", "{F7D3F83E-0894-493F-B750-16C50C36EA08}"
EndProject
Project("{9A19103F-16F7-4668-BE54-9A1E7A4F7556}") = "2.1.1", "2.1.1\2.1.1.csproj", "{9F0C0C66-3552-4621-BFB1-4EE2FAC697BA}"
EndProject
Project("{9A19103F-16F7-4668-BE54-9A1E7A4F7556}") = "2.1.2", "2.1.2\2.1.2.csproj", "{0E0C1F2F-5BD4-48A0-ABEC-3C9C38617764}"
EndProject
Project("{9A19103F-16F7-4668-BE54-9A1E7A4F7556}") = "2.4.1", "2.4.1\2.4.1.csproj", "{D01490D0-E7B7-4D9A-A04A-297CFFE8202A}"
EndProject
Project("{9A19103F-16F7-4668-BE54-9A1E7A4F7556}") = "2.2.4", "2.2.4\2.2.4.csproj", "{FE9F947A-C067-4E8E-9C0D-53626D63D2C6}"
EndProject
Project("{9A19103F-16F7-4668-BE54-9A1E7A4F7556}") = "2.3.1", "2.3.1\2.3.1.csproj", "{B61045B4-ECAE-4814-B06A-E070BA111547}"
EndProject
Project("{9A19103F-16F7-4668-BE54-9A1E7A4F7556}") = "2.4.2", "2.4.2\2.4.2.csproj", "{701189F0-1EEE-4CFF-A057-6EEA8AC3F604}"
EndProject
Project("{9A19103F-16F7-4668-BE54-9A1E7A4F7556}") = "2.4.3", "2.4.3\2.4.3.csproj", "{5294C424-032F-436F-A185-2B76C263A222}"
EndProject
Project("{FAE04EC0-301F-11D3-BF4B-00C04F79EFBC}") = "2.5", "2.5\2.5.csproj", "{416C0D8C-42F3-45CD-8A6A-25632D6D2822}"
EndProject
Project("{FAE04EC0-301F-11D3-BF4B-00C04F79EFBC}") = "2.6.1", "2.6.1\2.6.1.csproj", "{12164298-62DF-4700-93A7-B8EDF96BC78C}"
EndProject
Project("{FAE04EC0-301F-11D3-BF4B-00C04F79EFBC}") = "2.6.2", "2.6.2\2.6.2.csproj", "{3DC0E767-9D31-4721-9458-F5460E7EA1C2}"
EndProject
Project("{FAE04EC0-301F-11D3-BF4B-00C04F79EFBC}") = "2.6.3", "2.6.3\2.6.3.csproj", "{655A51DF-AA16-4B32-B0C8-2019F59F0DBA}"
EndProject
Project("{FAE04EC0-301F-11D3-BF4B-00C04F79EFBC}") = "2.6.4", "2.6.4\2.6.4.csproj", "{6CEDD8C6-2AB3-4872-A5AC-EFCA823A382A}"
EndProject
Project("{FAE04EC0-301F-11D3-BF4B-00C04F79EFBC}") = "2.7", "2.7\2.7.csproj", "{02417ECF-B84B-4239-AC9E-EAB1CB6E1FE2}"
EndProject
Project("{FAE04EC0-301F-11D3-BF4B-00C04F79EFBC}") = "2.8.1", "2.8\2.8.1.csproj", "{A76655B9-6C48-4136-A826-3DE8C4605CB9}"
EndProject
Project("{FAE04EC0-301F-11D3-BF4B-00C04F79EFBC}") = "2.8.2", "2.8.2\2.8.2.csproj", "{B1884FFC-CAC8-4FCE-94EF-1023CDFFB29B}"
EndProject
Project("{FAE04EC0-301F-11D3-BF4B-00C04F79EFBC}") = "2.9.1", "2.9.1\2.9.1.csproj", "{B1DE65D1-AE23-4F73-9E0A-A0340A406836}"
EndProject
Project("{FAE04EC0-301F-11D3-BF4B-00C04F79EFBC}") = "2.10.1", "2.10.1\2.10.1.csproj", "{1939D584-B900-4CD8-85D4-642E7D3DF684}"
EndProject
Project("{FAE04EC0-301F-11D3-BF4B-00C04F79EFBC}") = "2.10.2", "2.10.2\2.10.2.csproj", "{0078F46B-5100-4209-A6A9-AE66CC930185}"
EndProject
Project("{FAE04EC0-301F-11D3-BF4B-00C04F79EFBC}") = "2.10.3", "2.10.3\2.10.3.csproj", "{9B2544C1-5C6F-4303-85BD-FD869B954375}"
EndProject
Project("{FAE04EC0-301F-11D3-BF4B-00C04F79EFBC}") = "2.11.1", "2.11.1\2.11.1.csproj", "{E9CBD34D-8A07-4CAB-B74E-24A25BF0877F}"
EndProject
Project("{FAE04EC0-301F-11D3-BF4B-00C04F79EFBC}") = "2.11.2", "2.11.2\2.11.2.csproj", "{71E3AF2E-6395-4636-85C6-35E5688E20D1}"
EndProject
Project("{FAE04EC0-301F-11D3-BF4B-00C04F79EFBC}") = "2.11.3", "2.11.3\2.11.3.csproj", "{0098F277-A7D9-4754-8A67-F4545F2E569D}"
EndProject
Project("{FAE04EC0-301F-11D3-BF4B-00C04F79EFBC}") = "2.11.4", "2.11.4\2.11.4.csproj", "{2C12BE2A-D5D8-46A7-805C-7E8046C9FE00}"
EndProject
Global
	GlobalSection(SolutionConfigurationPlatforms) = preSolution
		Debug|Any CPU = Debug|Any CPU
		Release|Any CPU = Release|Any CPU
	EndGlobalSection
	GlobalSection(ProjectConfigurationPlatforms) = postSolution
		{F8E78582-F9E7-4C44-A837-E9FBB64631C6}.Debug|Any CPU.ActiveCfg = Debug|Any CPU
		{F8E78582-F9E7-4C44-A837-E9FBB64631C6}.Debug|Any CPU.Build.0 = Debug|Any CPU
		{F8E78582-F9E7-4C44-A837-E9FBB64631C6}.Release|Any CPU.ActiveCfg = Release|Any CPU
		{F8E78582-F9E7-4C44-A837-E9FBB64631C6}.Release|Any CPU.Build.0 = Release|Any CPU
		{5402244C-C27A-40B4-8554-A76263415B63}.Debug|Any CPU.ActiveCfg = Debug|Any CPU
		{5402244C-C27A-40B4-8554-A76263415B63}.Debug|Any CPU.Build.0 = Debug|Any CPU
		{5402244C-C27A-40B4-8554-A76263415B63}.Release|Any CPU.ActiveCfg = Release|Any CPU
		{5402244C-C27A-40B4-8554-A76263415B63}.Release|Any CPU.Build.0 = Release|Any CPU
		{F7D3F83E-0894-493F-B750-16C50C36EA08}.Debug|Any CPU.ActiveCfg = Debug|Any CPU
		{F7D3F83E-0894-493F-B750-16C50C36EA08}.Debug|Any CPU.Build.0 = Debug|Any CPU
		{F7D3F83E-0894-493F-B750-16C50C36EA08}.Release|Any CPU.ActiveCfg = Release|Any CPU
		{F7D3F83E-0894-493F-B750-16C50C36EA08}.Release|Any CPU.Build.0 = Release|Any CPU
		{9F0C0C66-3552-4621-BFB1-4EE2FAC697BA}.Debug|Any CPU.ActiveCfg = Debug|Any CPU
		{9F0C0C66-3552-4621-BFB1-4EE2FAC697BA}.Debug|Any CPU.Build.0 = Debug|Any CPU
		{9F0C0C66-3552-4621-BFB1-4EE2FAC697BA}.Release|Any CPU.ActiveCfg = Release|Any CPU
		{9F0C0C66-3552-4621-BFB1-4EE2FAC697BA}.Release|Any CPU.Build.0 = Release|Any CPU
		{0E0C1F2F-5BD4-48A0-ABEC-3C9C38617764}.Debug|Any CPU.ActiveCfg = Debug|Any CPU
		{0E0C1F2F-5BD4-48A0-ABEC-3C9C38617764}.Debug|Any CPU.Build.0 = Debug|Any CPU
		{0E0C1F2F-5BD4-48A0-ABEC-3C9C38617764}.Release|Any CPU.ActiveCfg = Release|Any CPU
		{0E0C1F2F-5BD4-48A0-ABEC-3C9C38617764}.Release|Any CPU.Build.0 = Release|Any CPU
		{D01490D0-E7B7-4D9A-A04A-297CFFE8202A}.Debug|Any CPU.ActiveCfg = Debug|Any CPU
		{D01490D0-E7B7-4D9A-A04A-297CFFE8202A}.Debug|Any CPU.Build.0 = Debug|Any CPU
		{D01490D0-E7B7-4D9A-A04A-297CFFE8202A}.Release|Any CPU.ActiveCfg = Release|Any CPU
		{D01490D0-E7B7-4D9A-A04A-297CFFE8202A}.Release|Any CPU.Build.0 = Release|Any CPU
		{FE9F947A-C067-4E8E-9C0D-53626D63D2C6}.Debug|Any CPU.ActiveCfg = Debug|Any CPU
		{FE9F947A-C067-4E8E-9C0D-53626D63D2C6}.Debug|Any CPU.Build.0 = Debug|Any CPU
		{FE9F947A-C067-4E8E-9C0D-53626D63D2C6}.Release|Any CPU.ActiveCfg = Release|Any CPU
		{FE9F947A-C067-4E8E-9C0D-53626D63D2C6}.Release|Any CPU.Build.0 = Release|Any CPU
		{B61045B4-ECAE-4814-B06A-E070BA111547}.Debug|Any CPU.ActiveCfg = Debug|Any CPU
		{B61045B4-ECAE-4814-B06A-E070BA111547}.Debug|Any CPU.Build.0 = Debug|Any CPU
		{B61045B4-ECAE-4814-B06A-E070BA111547}.Release|Any CPU.ActiveCfg = Release|Any CPU
		{B61045B4-ECAE-4814-B06A-E070BA111547}.Release|Any CPU.Build.0 = Release|Any CPU
		{701189F0-1EEE-4CFF-A057-6EEA8AC3F604}.Debug|Any CPU.ActiveCfg = Debug|Any CPU
		{701189F0-1EEE-4CFF-A057-6EEA8AC3F604}.Debug|Any CPU.Build.0 = Debug|Any CPU
		{701189F0-1EEE-4CFF-A057-6EEA8AC3F604}.Release|Any CPU.ActiveCfg = Release|Any CPU
		{701189F0-1EEE-4CFF-A057-6EEA8AC3F604}.Release|Any CPU.Build.0 = Release|Any CPU
		{5294C424-032F-436F-A185-2B76C263A222}.Debug|Any CPU.ActiveCfg = Debug|Any CPU
		{5294C424-032F-436F-A185-2B76C263A222}.Debug|Any CPU.Build.0 = Debug|Any CPU
		{5294C424-032F-436F-A185-2B76C263A222}.Release|Any CPU.ActiveCfg = Release|Any CPU
		{5294C424-032F-436F-A185-2B76C263A222}.Release|Any CPU.Build.0 = Release|Any CPU
		{416C0D8C-42F3-45CD-8A6A-25632D6D2822}.Debug|Any CPU.ActiveCfg = Debug|Any CPU
		{416C0D8C-42F3-45CD-8A6A-25632D6D2822}.Debug|Any CPU.Build.0 = Debug|Any CPU
		{416C0D8C-42F3-45CD-8A6A-25632D6D2822}.Release|Any CPU.ActiveCfg = Release|Any CPU
		{416C0D8C-42F3-45CD-8A6A-25632D6D2822}.Release|Any CPU.Build.0 = Release|Any CPU
		{12164298-62DF-4700-93A7-B8EDF96BC78C}.Debug|Any CPU.ActiveCfg = Debug|Any CPU
		{12164298-62DF-4700-93A7-B8EDF96BC78C}.Debug|Any CPU.Build.0 = Debug|Any CPU
		{12164298-62DF-4700-93A7-B8EDF96BC78C}.Release|Any CPU.ActiveCfg = Release|Any CPU
		{12164298-62DF-4700-93A7-B8EDF96BC78C}.Release|Any CPU.Build.0 = Release|Any CPU
		{3DC0E767-9D31-4721-9458-F5460E7EA1C2}.Debug|Any CPU.ActiveCfg = Debug|Any CPU
		{3DC0E767-9D31-4721-9458-F5460E7EA1C2}.Debug|Any CPU.Build.0 = Debug|Any CPU
		{3DC0E767-9D31-4721-9458-F5460E7EA1C2}.Release|Any CPU.ActiveCfg = Release|Any CPU
		{3DC0E767-9D31-4721-9458-F5460E7EA1C2}.Release|Any CPU.Build.0 = Release|Any CPU
		{655A51DF-AA16-4B32-B0C8-2019F59F0DBA}.Debug|Any CPU.ActiveCfg = Debug|Any CPU
		{655A51DF-AA16-4B32-B0C8-2019F59F0DBA}.Debug|Any CPU.Build.0 = Debug|Any CPU
		{655A51DF-AA16-4B32-B0C8-2019F59F0DBA}.Release|Any CPU.ActiveCfg = Release|Any CPU
		{655A51DF-AA16-4B32-B0C8-2019F59F0DBA}.Release|Any CPU.Build.0 = Release|Any CPU
		{6CEDD8C6-2AB3-4872-A5AC-EFCA823A382A}.Debug|Any CPU.ActiveCfg = Debug|Any CPU
		{6CEDD8C6-2AB3-4872-A5AC-EFCA823A382A}.Debug|Any CPU.Build.0 = Debug|Any CPU
		{6CEDD8C6-2AB3-4872-A5AC-EFCA823A382A}.Release|Any CPU.ActiveCfg = Release|Any CPU
		{6CEDD8C6-2AB3-4872-A5AC-EFCA823A382A}.Release|Any CPU.Build.0 = Release|Any CPU
		{02417ECF-B84B-4239-AC9E-EAB1CB6E1FE2}.Debug|Any CPU.ActiveCfg = Debug|Any CPU
		{02417ECF-B84B-4239-AC9E-EAB1CB6E1FE2}.Debug|Any CPU.Build.0 = Debug|Any CPU
		{02417ECF-B84B-4239-AC9E-EAB1CB6E1FE2}.Release|Any CPU.ActiveCfg = Release|Any CPU
		{02417ECF-B84B-4239-AC9E-EAB1CB6E1FE2}.Release|Any CPU.Build.0 = Release|Any CPU
		{A76655B9-6C48-4136-A826-3DE8C4605CB9}.Debug|Any CPU.ActiveCfg = Debug|Any CPU
		{A76655B9-6C48-4136-A826-3DE8C4605CB9}.Debug|Any CPU.Build.0 = Debug|Any CPU
		{A76655B9-6C48-4136-A826-3DE8C4605CB9}.Release|Any CPU.ActiveCfg = Release|Any CPU
		{A76655B9-6C48-4136-A826-3DE8C4605CB9}.Release|Any CPU.Build.0 = Release|Any CPU
		{B1884FFC-CAC8-4FCE-94EF-1023CDFFB29B}.Debug|Any CPU.ActiveCfg = Debug|Any CPU
		{B1884FFC-CAC8-4FCE-94EF-1023CDFFB29B}.Debug|Any CPU.Build.0 = Debug|Any CPU
		{B1884FFC-CAC8-4FCE-94EF-1023CDFFB29B}.Release|Any CPU.ActiveCfg = Release|Any CPU
		{B1884FFC-CAC8-4FCE-94EF-1023CDFFB29B}.Release|Any CPU.Build.0 = Release|Any CPU
		{B1DE65D1-AE23-4F73-9E0A-A0340A406836}.Debug|Any CPU.ActiveCfg = Debug|Any CPU
		{B1DE65D1-AE23-4F73-9E0A-A0340A406836}.Debug|Any CPU.Build.0 = Debug|Any CPU
		{B1DE65D1-AE23-4F73-9E0A-A0340A406836}.Release|Any CPU.ActiveCfg = Release|Any CPU
		{B1DE65D1-AE23-4F73-9E0A-A0340A406836}.Release|Any CPU.Build.0 = Release|Any CPU
		{1939D584-B900-4CD8-85D4-642E7D3DF684}.Debug|Any CPU.ActiveCfg = Debug|Any CPU
		{1939D584-B900-4CD8-85D4-642E7D3DF684}.Debug|Any CPU.Build.0 = Debug|Any CPU
		{1939D584-B900-4CD8-85D4-642E7D3DF684}.Release|Any CPU.ActiveCfg = Release|Any CPU
		{1939D584-B900-4CD8-85D4-642E7D3DF684}.Release|Any CPU.Build.0 = Release|Any CPU
		{0078F46B-5100-4209-A6A9-AE66CC930185}.Debug|Any CPU.ActiveCfg = Debug|Any CPU
		{0078F46B-5100-4209-A6A9-AE66CC930185}.Debug|Any CPU.Build.0 = Debug|Any CPU
		{0078F46B-5100-4209-A6A9-AE66CC930185}.Release|Any CPU.ActiveCfg = Release|Any CPU
		{0078F46B-5100-4209-A6A9-AE66CC930185}.Release|Any CPU.Build.0 = Release|Any CPU
		{9B2544C1-5C6F-4303-85BD-FD869B954375}.Debug|Any CPU.ActiveCfg = Debug|Any CPU
		{9B2544C1-5C6F-4303-85BD-FD869B954375}.Debug|Any CPU.Build.0 = Debug|Any CPU
		{9B2544C1-5C6F-4303-85BD-FD869B954375}.Release|Any CPU.ActiveCfg = Release|Any CPU
		{9B2544C1-5C6F-4303-85BD-FD869B954375}.Release|Any CPU.Build.0 = Release|Any CPU
		{E9CBD34D-8A07-4CAB-B74E-24A25BF0877F}.Debug|Any CPU.ActiveCfg = Debug|Any CPU
		{E9CBD34D-8A07-4CAB-B74E-24A25BF0877F}.Debug|Any CPU.Build.0 = Debug|Any CPU
		{E9CBD34D-8A07-4CAB-B74E-24A25BF0877F}.Release|Any CPU.ActiveCfg = Release|Any CPU
		{E9CBD34D-8A07-4CAB-B74E-24A25BF0877F}.Release|Any CPU.Build.0 = Release|Any CPU
		{71E3AF2E-6395-4636-85C6-35E5688E20D1}.Debug|Any CPU.ActiveCfg = Debug|Any CPU
		{71E3AF2E-6395-4636-85C6-35E5688E20D1}.Debug|Any CPU.Build.0 = Debug|Any CPU
		{71E3AF2E-6395-4636-85C6-35E5688E20D1}.Release|Any CPU.ActiveCfg = Release|Any CPU
		{71E3AF2E-6395-4636-85C6-35E5688E20D1}.Release|Any CPU.Build.0 = Release|Any CPU
		{0098F277-A7D9-4754-8A67-F4545F2E569D}.Debug|Any CPU.ActiveCfg = Debug|Any CPU
		{0098F277-A7D9-4754-8A67-F4545F2E569D}.Debug|Any CPU.Build.0 = Debug|Any CPU
		{0098F277-A7D9-4754-8A67-F4545F2E569D}.Release|Any CPU.ActiveCfg = Release|Any CPU
		{0098F277-A7D9-4754-8A67-F4545F2E569D}.Release|Any CPU.Build.0 = Release|Any CPU
		{2C12BE2A-D5D8-46A7-805C-7E8046C9FE00}.Debug|Any CPU.ActiveCfg = Debug|Any CPU
		{2C12BE2A-D5D8-46A7-805C-7E8046C9FE00}.Debug|Any CPU.Build.0 = Debug|Any CPU
		{2C12BE2A-D5D8-46A7-805C-7E8046C9FE00}.Release|Any CPU.ActiveCfg = Release|Any CPU
		{2C12BE2A-D5D8-46A7-805C-7E8046C9FE00}.Release|Any CPU.Build.0 = Release|Any CPU
	EndGlobalSection
	GlobalSection(SolutionProperties) = preSolution
		HideSolutionNode = FALSE
	EndGlobalSection
	GlobalSection(ExtensibilityGlobals) = postSolution
		SolutionGuid = {ACBEC8B7-3FED-44E0-9263-DF57AAE1145E}
	EndGlobalSection
EndGlobal
